// !$*UTF8*$!
{
	archiveVersion = 1;
	classes = {
	};
	objectVersion = 56;
	objects = {

/* Begin PBXBuildFile section */
		879A0BF32ADC150200E59FF5 /* GestureStudyApp.swift in Sources */ = {isa = PBXBuildFile; fileRef = 879A0BF22ADC150200E59FF5 /* GestureStudyApp.swift */; };
		879A0BF52ADC150200E59FF5 /* ContentView.swift in Sources */ = {isa = PBXBuildFile; fileRef = 879A0BF42ADC150200E59FF5 /* ContentView.swift */; };
		879A0BF72ADC150600E59FF5 /* Assets.xcassets in Resources */ = {isa = PBXBuildFile; fileRef = 879A0BF62ADC150600E59FF5 /* Assets.xcassets */; };
		879A0BFA2ADC150600E59FF5 /* Preview Assets.xcassets in Resources */ = {isa = PBXBuildFile; fileRef = 879A0BF92ADC150600E59FF5 /* Preview Assets.xcassets */; };
		879A0C0D2ADC153500E59FF5 /* LongPressGestureView.swift in Sources */ = {isa = PBXBuildFile; fileRef = 879A0C012ADC153400E59FF5 /* LongPressGestureView.swift */; };
		879A0C0E2ADC153500E59FF5 /* MagnifyView.swift in Sources */ = {isa = PBXBuildFile; fileRef = 879A0C022ADC153400E59FF5 /* MagnifyView.swift */; };
		879A0C0F2ADC153500E59FF5 /* SequencedGestureView.swift in Sources */ = {isa = PBXBuildFile; fileRef = 879A0C032ADC153400E59FF5 /* SequencedGestureView.swift */; };
		879A0C102ADC153500E59FF5 /* ExclusiveGestureView.swift in Sources */ = {isa = PBXBuildFile; fileRef = 879A0C042ADC153400E59FF5 /* ExclusiveGestureView.swift */; };
		879A0C112ADC153500E59FF5 /* HighPriorityGestureView.swift in Sources */ = {isa = PBXBuildFile; fileRef = 879A0C052ADC153400E59FF5 /* HighPriorityGestureView.swift */; };
		879A0C122ADC153500E59FF5 /* SimultaneousGestureView.swift in Sources */ = {isa = PBXBuildFile; fileRef = 879A0C062ADC153400E59FF5 /* SimultaneousGestureView.swift */; };
		879A0C132ADC153500E59FF5 /* HigherPriorityGestureExample.swift in Sources */ = {isa = PBXBuildFile; fileRef = 879A0C072ADC153400E59FF5 /* HigherPriorityGestureExample.swift */; };
		879A0C142ADC153500E59FF5 /* TapGestureView.swift in Sources */ = {isa = PBXBuildFile; fileRef = 879A0C082ADC153400E59FF5 /* TapGestureView.swift */; };
		879A0C152ADC153500E59FF5 /* ExclusiveGestureExample.swift in Sources */ = {isa = PBXBuildFile; fileRef = 879A0C092ADC153400E59FF5 /* ExclusiveGestureExample.swift */; };
		879A0C162ADC153500E59FF5 /* RotationGestureView.swift in Sources */ = {isa = PBXBuildFile; fileRef = 879A0C0A2ADC153400E59FF5 /* RotationGestureView.swift */; };
		879A0C172ADC153500E59FF5 /* SwipeGestureView.swift in Sources */ = {isa = PBXBuildFile; fileRef = 879A0C0B2ADC153400E59FF5 /* SwipeGestureView.swift */; };
		879A0C182ADC153500E59FF5 /* DragGestureView.swift in Sources */ = {isa = PBXBuildFile; fileRef = 879A0C0C2ADC153400E59FF5 /* DragGestureView.swift */; };
/* End PBXBuildFile section */

/* Begin PBXFileReference section */
		879A0BEF2ADC150200E59FF5 /* GestureStudy.app */ = {isa = PBXFileReference; explicitFileType = wrapper.application; includeInIndex = 0; path = GestureStudy.app; sourceTree = BUILT_PRODUCTS_DIR; };
		879A0BF22ADC150200E59FF5 /* GestureStudyApp.swift */ = {isa = PBXFileReference; lastKnownFileType = sourcecode.swift; path = GestureStudyApp.swift; sourceTree = "<group>"; };
		879A0BF42ADC150200E59FF5 /* ContentView.swift */ = {isa = PBXFileReference; lastKnownFileType = sourcecode.swift; path = ContentView.swift; sourceTree = "<group>"; };
		879A0BF62ADC150600E59FF5 /* Assets.xcassets */ = {isa = PBXFileReference; lastKnownFileType = folder.assetcatalog; path = Assets.xcassets; sourceTree = "<group>"; };
		879A0BF92ADC150600E59FF5 /* Preview Assets.xcassets */ = {isa = PBXFileReference; lastKnownFileType = folder.assetcatalog; path = "Preview Assets.xcassets"; sourceTree = "<group>"; };
		879A0C012ADC153400E59FF5 /* LongPressGestureView.swift */ = {isa = PBXFileReference; fileEncoding = 4; lastKnownFileType = sourcecode.swift; path = LongPressGestureView.swift; sourceTree = "<group>"; };
		879A0C022ADC153400E59FF5 /* MagnifyView.swift */ = {isa = PBXFileReference; fileEncoding = 4; lastKnownFileType = sourcecode.swift; path = MagnifyView.swift; sourceTree = "<group>"; };
		879A0C032ADC153400E59FF5 /* SequencedGestureView.swift */ = {isa = PBXFileReference; fileEncoding = 4; lastKnownFileType = sourcecode.swift; path = SequencedGestureView.swift; sourceTree = "<group>"; };
		879A0C042ADC153400E59FF5 /* ExclusiveGestureView.swift */ = {isa = PBXFileReference; fileEncoding = 4; lastKnownFileType = sourcecode.swift; path = ExclusiveGestureView.swift; sourceTree = "<group>"; };
		879A0C052ADC153400E59FF5 /* HighPriorityGestureView.swift */ = {isa = PBXFileReference; fileEncoding = 4; lastKnownFileType = sourcecode.swift; path = HighPriorityGestureView.swift; sourceTree = "<group>"; };
		879A0C062ADC153400E59FF5 /* SimultaneousGestureView.swift */ = {isa = PBXFileReference; fileEncoding = 4; lastKnownFileType = sourcecode.swift; path = SimultaneousGestureView.swift; sourceTree = "<group>"; };
		879A0C072ADC153400E59FF5 /* HigherPriorityGestureExample.swift */ = {isa = PBXFileReference; fileEncoding = 4; lastKnownFileType = sourcecode.swift; path = HigherPriorityGestureExample.swift; sourceTree = "<group>"; };
		879A0C082ADC153400E59FF5 /* TapGestureView.swift */ = {isa = PBXFileReference; fileEncoding = 4; lastKnownFileType = sourcecode.swift; path = TapGestureView.swift; sourceTree = "<group>"; };
		879A0C092ADC153400E59FF5 /* ExclusiveGestureExample.swift */ = {isa = PBXFileReference; fileEncoding = 4; lastKnownFileType = sourcecode.swift; path = ExclusiveGestureExample.swift; sourceTree = "<group>"; };
		879A0C0A2ADC153400E59FF5 /* RotationGestureView.swift */ = {isa = PBXFileReference; fileEncoding = 4; lastKnownFileType = sourcecode.swift; path = RotationGestureView.swift; sourceTree = "<group>"; };
		879A0C0B2ADC153400E59FF5 /* SwipeGestureView.swift */ = {isa = PBXFileReference; fileEncoding = 4; lastKnownFileType = sourcecode.swift; path = SwipeGestureView.swift; sourceTree = "<group>"; };
		879A0C0C2ADC153400E59FF5 /* DragGestureView.swift */ = {isa = PBXFileReference; fileEncoding = 4; lastKnownFileType = sourcecode.swift; path = DragGestureView.swift; sourceTree = "<group>"; };
/* End PBXFileReference section */

/* Begin PBXFrameworksBuildPhase section */
		879A0BEC2ADC150200E59FF5 /* Frameworks */ = {
			isa = PBXFrameworksBuildPhase;
			buildActionMask = 2147483647;
			files = (
			);
			runOnlyForDeploymentPostprocessing = 0;
		};
/* End PBXFrameworksBuildPhase section */

/* Begin PBXGroup section */
		879A0BE62ADC150200E59FF5 = {
			isa = PBXGroup;
			children = (
				879A0BF12ADC150200E59FF5 /* GestureStudy */,
				879A0BF02ADC150200E59FF5 /* Products */,
			);
			sourceTree = "<group>";
		};
		879A0BF02ADC150200E59FF5 /* Products */ = {
			isa = PBXGroup;
			children = (
				879A0BEF2ADC150200E59FF5 /* GestureStudy.app */,
			);
			name = Products;
			sourceTree = "<group>";
		};
		879A0BF12ADC150200E59FF5 /* GestureStudy */ = {
			isa = PBXGroup;
			children = (
				879A0C002ADC153400E59FF5 /* Gestures */,
				879A0BF22ADC150200E59FF5 /* GestureStudyApp.swift */,
				879A0BF42ADC150200E59FF5 /* ContentView.swift */,
				879A0BF62ADC150600E59FF5 /* Assets.xcassets */,
				879A0BF82ADC150600E59FF5 /* Preview Content */,
			);
			path = GestureStudy;
			sourceTree = "<group>";
		};
		879A0BF82ADC150600E59FF5 /* Preview Content */ = {
			isa = PBXGroup;
			children = (
				879A0BF92ADC150600E59FF5 /* Preview Assets.xcassets */,
			);
			path = "Preview Content";
			sourceTree = "<group>";
		};
		879A0C002ADC153400E59FF5 /* Gestures */ = {
			isa = PBXGroup;
			children = (
				879A0C082ADC153400E59FF5 /* TapGestureView.swift */,
				879A0C012ADC153400E59FF5 /* LongPressGestureView.swift */,
				879A0C0C2ADC153400E59FF5 /* DragGestureView.swift */,
				879A0C022ADC153400E59FF5 /* MagnifyView.swift */,
				879A0C0A2ADC153400E59FF5 /* RotationGestureView.swift */,
				879A0C062ADC153400E59FF5 /* SimultaneousGestureView.swift */,
				879A0C032ADC153400E59FF5 /* SequencedGestureView.swift */,
				879A0C042ADC153400E59FF5 /* ExclusiveGestureView.swift */,
				879A0C092ADC153400E59FF5 /* ExclusiveGestureExample.swift */,
				879A0C052ADC153400E59FF5 /* HighPriorityGestureView.swift */,
				879A0C072ADC153400E59FF5 /* HigherPriorityGestureExample.swift */,
				879A0C0B2ADC153400E59FF5 /* SwipeGestureView.swift */,
			);
			path = Gestures;
			sourceTree = "<group>";
		};
/* End PBXGroup section */

/* Begin PBXNativeTarget section */
		879A0BEE2ADC150200E59FF5 /* GestureStudy */ = {
			isa = PBXNativeTarget;
			buildConfigurationList = 879A0BFD2ADC150600E59FF5 /* Build configuration list for PBXNativeTarget "GestureStudy" */;
			buildPhases = (
				879A0BEB2ADC150200E59FF5 /* Sources */,
				879A0BEC2ADC150200E59FF5 /* Frameworks */,
				879A0BED2ADC150200E59FF5 /* Resources */,
			);
			buildRules = (
			);
			dependencies = (
			);
			name = GestureStudy;
			productName = GestureStudy;
			productReference = 879A0BEF2ADC150200E59FF5 /* GestureStudy.app */;
			productType = "com.apple.product-type.application";
		};
/* End PBXNativeTarget section */

/* Begin PBXProject section */
		879A0BE72ADC150200E59FF5 /* Project object */ = {
			isa = PBXProject;
			attributes = {
				BuildIndependentTargetsInParallel = 1;
				LastSwiftUpdateCheck = 1430;
				LastUpgradeCheck = 1430;
				TargetAttributes = {
					879A0BEE2ADC150200E59FF5 = {
						CreatedOnToolsVersion = 14.3;
					};
				};
			};
			buildConfigurationList = 879A0BEA2ADC150200E59FF5 /* Build configuration list for PBXProject "GestureStudy" */;
			compatibilityVersion = "Xcode 14.0";
			developmentRegion = en;
			hasScannedForEncodings = 0;
			knownRegions = (
				en,
				Base,
			);
			mainGroup = 879A0BE62ADC150200E59FF5;
			productRefGroup = 879A0BF02ADC150200E59FF5 /* Products */;
			projectDirPath = "";
			projectRoot = "";
			targets = (
				879A0BEE2ADC150200E59FF5 /* GestureStudy */,
			);
		};
/* End PBXProject section */

/* Begin PBXResourcesBuildPhase section */
		879A0BED2ADC150200E59FF5 /* Resources */ = {
			isa = PBXResourcesBuildPhase;
			buildActionMask = 2147483647;
			files = (
				879A0BFA2ADC150600E59FF5 /* Preview Assets.xcassets in Resources */,
				879A0BF72ADC150600E59FF5 /* Assets.xcassets in Resources */,
			);
			runOnlyForDeploymentPostprocessing = 0;
		};
/* End PBXResourcesBuildPhase section */

/* Begin PBXSourcesBuildPhase section */
		879A0BEB2ADC150200E59FF5 /* Sources */ = {
			isa = PBXSourcesBuildPhase;
			buildActionMask = 2147483647;
			files = (
				879A0C142ADC153500E59FF5 /* TapGestureView.swift in Sources */,
				879A0BF52ADC150200E59FF5 /* ContentView.swift in Sources */,
				879A0C0F2ADC153500E59FF5 /* SequencedGestureView.swift in Sources */,
				879A0C132ADC153500E59FF5 /* HigherPriorityGestureExample.swift in Sources */,
				879A0C0D2ADC153500E59FF5 /* LongPressGestureView.swift in Sources */,
				879A0C122ADC153500E59FF5 /* SimultaneousGestureView.swift in Sources */,
				879A0C0E2ADC153500E59FF5 /* MagnifyView.swift in Sources */,
				879A0BF32ADC150200E59FF5 /* GestureStudyApp.swift in Sources */,
				879A0C172ADC153500E59FF5 /* SwipeGestureView.swift in Sources */,
				879A0C102ADC153500E59FF5 /* ExclusiveGestureView.swift in Sources */,
				879A0C182ADC153500E59FF5 /* DragGestureView.swift in Sources */,
				879A0C152ADC153500E59FF5 /* ExclusiveGestureExample.swift in Sources */,
				879A0C162ADC153500E59FF5 /* RotationGestureView.swift in Sources */,
				879A0C112ADC153500E59FF5 /* HighPriorityGestureView.swift in Sources */,
			);
			runOnlyForDeploymentPostprocessing = 0;
		};
/* End PBXSourcesBuildPhase section */

/* Begin XCBuildConfiguration section */
		879A0BFB2ADC150600E59FF5 /* Debug */ = {
			isa = XCBuildConfiguration;
			buildSettings = {
				ALWAYS_SEARCH_USER_PATHS = NO;
				CLANG_ANALYZER_NONNULL = YES;
				CLANG_ANALYZER_NUMBER_OBJECT_CONVERSION = YES_AGGRESSIVE;
				CLANG_CXX_LANGUAGE_STANDARD = "gnu++20";
				CLANG_ENABLE_MODULES = YES;
				CLANG_ENABLE_OBJC_ARC = YES;
				CLANG_ENABLE_OBJC_WEAK = YES;
				CLANG_WARN_BLOCK_CAPTURE_AUTORELEASING = YES;
				CLANG_WARN_BOOL_CONVERSION = YES;
				CLANG_WARN_COMMA = YES;
				CLANG_WARN_CONSTANT_CONVERSION = YES;
				CLANG_WARN_DEPRECATED_OBJC_IMPLEMENTATIONS = YES;
				CLANG_WARN_DIRECT_OBJC_ISA_USAGE = YES_ERROR;
				CLANG_WARN_DOCUMENTATION_COMMENTS = YES;
				CLANG_WARN_EMPTY_BODY = YES;
				CLANG_WARN_ENUM_CONVERSION = YES;
				CLANG_WARN_INFINITE_RECURSION = YES;
				CLANG_WARN_INT_CONVERSION = YES;
				CLANG_WARN_NON_LITERAL_NULL_CONVERSION = YES;
				CLANG_WARN_OBJC_IMPLICIT_RETAIN_SELF = YES;
				CLANG_WARN_OBJC_LITERAL_CONVERSION = YES;
				CLANG_WARN_OBJC_ROOT_CLASS = YES_ERROR;
				CLANG_WARN_QUOTED_INCLUDE_IN_FRAMEWORK_HEADER = YES;
				CLANG_WARN_RANGE_LOOP_ANALYSIS = YES;
				CLANG_WARN_STRICT_PROTOTYPES = YES;
				CLANG_WARN_SUSPICIOUS_MOVE = YES;
				CLANG_WARN_UNGUARDED_AVAILABILITY = YES_AGGRESSIVE;
				CLANG_WARN_UNREACHABLE_CODE = YES;
				CLANG_WARN__DUPLICATE_METHOD_MATCH = YES;
				COPY_PHASE_STRIP = NO;
				DEBUG_INFORMATION_FORMAT = dwarf;
				ENABLE_STRICT_OBJC_MSGSEND = YES;
				ENABLE_TESTABILITY = YES;
				GCC_C_LANGUAGE_STANDARD = gnu11;
				GCC_DYNAMIC_NO_PIC = NO;
				GCC_NO_COMMON_BLOCKS = YES;
				GCC_OPTIMIZATION_LEVEL = 0;
				GCC_PREPROCESSOR_DEFINITIONS = (
					"DEBUG=1",
					"$(inherited)",
				);
				GCC_WARN_64_TO_32_BIT_CONVERSION = YES;
				GCC_WARN_ABOUT_RETURN_TYPE = YES_ERROR;
				GCC_WARN_UNDECLARED_SELECTOR = YES;
				GCC_WARN_UNINITIALIZED_AUTOS = YES_AGGRESSIVE;
				GCC_WARN_UNUSED_FUNCTION = YES;
				GCC_WARN_UNUSED_VARIABLE = YES;
				IPHONEOS_DEPLOYMENT_TARGET = 16.4;
				MTL_ENABLE_DEBUG_INFO = INCLUDE_SOURCE;
				MTL_FAST_MATH = YES;
				ONLY_ACTIVE_ARCH = YES;
				SDKROOT = iphoneos;
				SWIFT_ACTIVE_COMPILATION_CONDITIONS = DEBUG;
				SWIFT_OPTIMIZATION_LEVEL = "-Onone";
			};
			name = Debug;
		};
		879A0BFC2ADC150600E59FF5 /* Release */ = {
			isa = XCBuildConfiguration;
			buildSettings = {
				ALWAYS_SEARCH_USER_PATHS = NO;
				CLANG_ANALYZER_NONNULL = YES;
				CLANG_ANALYZER_NUMBER_OBJECT_CONVERSION = YES_AGGRESSIVE;
				CLANG_CXX_LANGUAGE_STANDARD = "gnu++20";
				CLANG_ENABLE_MODULES = YES;
				CLANG_ENABLE_OBJC_ARC = YES;
				CLANG_ENABLE_OBJC_WEAK = YES;
				CLANG_WARN_BLOCK_CAPTURE_AUTORELEASING = YES;
				CLANG_WARN_BOOL_CONVERSION = YES;
				CLANG_WARN_COMMA = YES;
				CLANG_WARN_CONSTANT_CONVERSION = YES;
				CLANG_WARN_DEPRECATED_OBJC_IMPLEMENTATIONS = YES;
				CLANG_WARN_DIRECT_OBJC_ISA_USAGE = YES_ERROR;
				CLANG_WARN_DOCUMENTATION_COMMENTS = YES;
				CLANG_WARN_EMPTY_BODY = YES;
				CLANG_WARN_ENUM_CONVERSION = YES;
				CLANG_WARN_INFINITE_RECURSION = YES;
				CLANG_WARN_INT_CONVERSION = YES;
				CLANG_WARN_NON_LITERAL_NULL_CONVERSION = YES;
				CLANG_WARN_OBJC_IMPLICIT_RETAIN_SELF = YES;
				CLANG_WARN_OBJC_LITERAL_CONVERSION = YES;
				CLANG_WARN_OBJC_ROOT_CLASS = YES_ERROR;
				CLANG_WARN_QUOTED_INCLUDE_IN_FRAMEWORK_HEADER = YES;
				CLANG_WARN_RANGE_LOOP_ANALYSIS = YES;
				CLANG_WARN_STRICT_PROTOTYPES = YES;
				CLANG_WARN_SUSPICIOUS_MOVE = YES;
				CLANG_WARN_UNGUARDED_AVAILABILITY = YES_AGGRESSIVE;
				CLANG_WARN_UNREACHABLE_CODE = YES;
				CLANG_WARN__DUPLICATE_METHOD_MATCH = YES;
				COPY_PHASE_STRIP = NO;
				DEBUG_INFORMATION_FORMAT = "dwarf-with-dsym";
				ENABLE_NS_ASSERTIONS = NO;
				ENABLE_STRICT_OBJC_MSGSEND = YES;
				GCC_C_LANGUAGE_STANDARD = gnu11;
				GCC_NO_COMMON_BLOCKS = YES;
				GCC_WARN_64_TO_32_BIT_CONVERSION = YES;
				GCC_WARN_ABOUT_RETURN_TYPE = YES_ERROR;
				GCC_WARN_UNDECLARED_SELECTOR = YES;
				GCC_WARN_UNINITIALIZED_AUTOS = YES_AGGRESSIVE;
				GCC_WARN_UNUSED_FUNCTION = YES;
				GCC_WARN_UNUSED_VARIABLE = YES;
				IPHONEOS_DEPLOYMENT_TARGET = 16.4;
				MTL_ENABLE_DEBUG_INFO = NO;
				MTL_FAST_MATH = YES;
				SDKROOT = iphoneos;
				SWIFT_COMPILATION_MODE = wholemodule;
				SWIFT_OPTIMIZATION_LEVEL = "-O";
				VALIDATE_PRODUCT = YES;
			};
			name = Release;
		};
		879A0BFE2ADC150600E59FF5 /* Debug */ = {
			isa = XCBuildConfiguration;
			buildSettings = {
				ASSETCATALOG_COMPILER_APPICON_NAME = AppIcon;
				ASSETCATALOG_COMPILER_GLOBAL_ACCENT_COLOR_NAME = AccentColor;
				CODE_SIGN_STYLE = Automatic;
				CURRENT_PROJECT_VERSION = 1;
				DEVELOPMENT_ASSET_PATHS = "\"GestureStudy/Preview Content\"";
				DEVELOPMENT_TEAM = RPAQ6WMDLU;
				ENABLE_PREVIEWS = YES;
				GENERATE_INFOPLIST_FILE = YES;
				INFOPLIST_KEY_UIApplicationSceneManifest_Generation = YES;
				INFOPLIST_KEY_UIApplicationSupportsIndirectInputEvents = YES;
				INFOPLIST_KEY_UILaunchScreen_Generation = YES;
				INFOPLIST_KEY_UISupportedInterfaceOrientations_iPad = "UIInterfaceOrientationPortrait UIInterfaceOrientationPortraitUpsideDown UIInterfaceOrientationLandscapeLeft UIInterfaceOrientationLandscapeRight";
				INFOPLIST_KEY_UISupportedInterfaceOrientations_iPhone = "UIInterfaceOrientationPortrait UIInterfaceOrientationLandscapeLeft UIInterfaceOrientationLandscapeRight";
				IPHONEOS_DEPLOYMENT_TARGET = 14.7;
				LD_RUNPATH_SEARCH_PATHS = (
					"$(inherited)",
					"@executable_path/Frameworks",
				);
				MARKETING_VERSION = 1.0;
				PRODUCT_BUNDLE_IDENTIFIER = "brain-craft.GestureStudy";
				PRODUCT_NAME = "$(TARGET_NAME)";
				SWIFT_EMIT_LOC_STRINGS = YES;
				SWIFT_VERSION = 5.0;
				TARGETED_DEVICE_FAMILY = "1,2";
			};
			name = Debug;
		};
		879A0BFF2ADC150600E59FF5 /* Release */ = {
			isa = XCBuildConfiguration;
			buildSettings = {
				ASSETCATALOG_COMPILER_APPICON_NAME = AppIcon;
				ASSETCATALOG_COMPILER_GLOBAL_ACCENT_COLOR_NAME = AccentColor;
				CODE_SIGN_STYLE = Automatic;
				CURRENT_PROJECT_VERSION = 1;
				DEVELOPMENT_ASSET_PATHS = "\"GestureStudy/Preview Content\"";
				DEVELOPMENT_TEAM = RPAQ6WMDLU;
				ENABLE_PREVIEWS = YES;
				GENERATE_INFOPLIST_FILE = YES;
				INFOPLIST_KEY_UIApplicationSceneManifest_Generation = YES;
				INFOPLIST_KEY_UIApplicationSupportsIndirectInputEvents = YES;
				INFOPLIST_KEY_UILaunchScreen_Generation = YES;
				INFOPLIST_KEY_UISupportedInterfaceOrientations_iPad = "UIInterfaceOrientationPortrait UIInterfaceOrientationPortraitUpsideDown UIInterfaceOrientationLandscapeLeft UIInterfaceOrientationLandscapeRight";
				INFOPLIST_KEY_UISupportedInterfaceOrientations_iPhone = "UIInterfaceOrientationPortrait UIInterfaceOrientationLandscapeLeft UIInterfaceOrientationLandscapeRight";
				IPHONEOS_DEPLOYMENT_TARGET = 14.7;
				LD_RUNPATH_SEARCH_PATHS = (
					"$(inherited)",
					"@executable_path/Frameworks",
				);
				MARKETING_VERSION = 1.0;
				PRODUCT_BUNDLE_IDENTIFIER = "brain-craft.GestureStudy";
				PRODUCT_NAME = "$(TARGET_NAME)";
				SWIFT_EMIT_LOC_STRINGS = YES;
				SWIFT_VERSION = 5.0;
				TARGETED_DEVICE_FAMILY = "1,2";
			};
			name = Release;
		};
/* End XCBuildConfiguration section */

/* Begin XCConfigurationList section */
		879A0BEA2ADC150200E59FF5 /* Build configuration list for PBXProject "GestureStudy" */ = {
			isa = XCConfigurationList;
			buildConfigurations = (
				879A0BFB2ADC150600E59FF5 /* Debug */,
				879A0BFC2ADC150600E59FF5 /* Release */,
			);
			defaultConfigurationIsVisible = 0;
			defaultConfigurationName = Release;
		};
		879A0BFD2ADC150600E59FF5 /* Build configuration list for PBXNativeTarget "GestureStudy" */ = {
			isa = XCConfigurationList;
			buildConfigurations = (
				879A0BFE2ADC150600E59FF5 /* Debug */,
				879A0BFF2ADC150600E59FF5 /* Release */,
			);
			defaultConfigurationIsVisible = 0;
			defaultConfigurationName = Release;
		};
/* End XCConfigurationList section */
	};
	rootObject = 879A0BE72ADC150200E59FF5 /* Project object */;
}
